
Microsoft Visual Studio Solution File, Format Version 12.00
# Visual Studio Version 17
VisualStudioVersion = 17.2.32616.157
MinimumVisualStudioVersion = 10.0.40219.1
Project("{FAE04EC0-301F-11D3-BF4B-00C04F79EFBC}") = "Auradeity.WebAPI", "Auradeity.WebAPI\Auradeity.WebAPI.csproj", "{141BE5A8-B00A-4C47-B95E-DB62D89951BF}"
EndProject
Project("{FAE04EC0-301F-11D3-BF4B-00C04F79EFBC}") = "Auradeity.Infrastructure", "Auradeity.Infrastructure\Auradeity.Infrastructure.csproj", "{D4915339-0352-40C6-AF48-DD0419301208}"
EndProject
Project("{FAE04EC0-301F-11D3-BF4B-00C04F79EFBC}") = "Auradeity.Domain", "Auradeity.Domain\Auradeity.Domain.csproj", "{9FB788E4-457D-488B-84C3-A0DB4AF81FE8}"
EndProject
Project("{FAE04EC0-301F-11D3-BF4B-00C04F79EFBC}") = "Auradeity.Application", "Auradeity.Application\Auradeity.Application.csproj", "{F402A8A6-A08C-4204-B182-DEF9F217E900}"
EndProject
Global
	GlobalSection(SolutionConfigurationPlatforms) = preSolution
		Debug|Any CPU = Debug|Any CPU
		Release|Any CPU = Release|Any CPU
	EndGlobalSection
	GlobalSection(ProjectConfigurationPlatforms) = postSolution
		{141BE5A8-B00A-4C47-B95E-DB62D89951BF}.Debug|Any CPU.ActiveCfg = Debug|Any CPU
		{141BE5A8-B00A-4C47-B95E-DB62D89951BF}.Debug|Any CPU.Build.0 = Debug|Any CPU
		{141BE5A8-B00A-4C47-B95E-DB62D89951BF}.Release|Any CPU.ActiveCfg = Release|Any CPU
		{141BE5A8-B00A-4C47-B95E-DB62D89951BF}.Release|Any CPU.Build.0 = Release|Any CPU
		{D4915339-0352-40C6-AF48-DD0419301208}.Debug|Any CPU.ActiveCfg = Debug|Any CPU
		{D4915339-0352-40C6-AF48-DD0419301208}.Debug|Any CPU.Build.0 = Debug|Any CPU
		{D4915339-0352-40C6-AF48-DD0419301208}.Release|Any CPU.ActiveCfg = Release|Any CPU
		{D4915339-0352-40C6-AF48-DD0419301208}.Release|Any CPU.Build.0 = Release|Any CPU
		{9FB788E4-457D-488B-84C3-A0DB4AF81FE8}.Debug|Any CPU.ActiveCfg = Debug|Any CPU
		{9FB788E4-457D-488B-84C3-A0DB4AF81FE8}.Debug|Any CPU.Build.0 = Debug|Any CPU
		{9FB788E4-457D-488B-84C3-A0DB4AF81FE8}.Release|Any CPU.ActiveCfg = Release|Any CPU
		{9FB788E4-457D-488B-84C3-A0DB4AF81FE8}.Release|Any CPU.Build.0 = Release|Any CPU
		{F402A8A6-A08C-4204-B182-DEF9F217E900}.Debug|Any CPU.ActiveCfg = Debug|Any CPU
		{F402A8A6-A08C-4204-B182-DEF9F217E900}.Debug|Any CPU.Build.0 = Debug|Any CPU
		{F402A8A6-A08C-4204-B182-DEF9F217E900}.Release|Any CPU.ActiveCfg = Release|Any CPU
		{F402A8A6-A08C-4204-B182-DEF9F217E900}.Release|Any CPU.Build.0 = Release|Any CPU
	EndGlobalSection
	GlobalSection(SolutionProperties) = preSolution
		HideSolutionNode = FALSE
	EndGlobalSection
	GlobalSection(ExtensibilityGlobals) = postSolution
		SolutionGuid = {59726351-E7CE-4A90-B093-6F87B6319752}
	EndGlobalSection
EndGlobal
